
Microsoft Visual Studio Solution File, Format Version 12.00
# Visual Studio Version 17
VisualStudioVersion = 17.14.36717.8 d17.14
MinimumVisualStudioVersion = 10.0.40219.1
Project("{FAE04EC0-301F-11D3-BF4B-00C04F79EFBC}") = "OCRPdfIntegrator", "OCRPdfIntegrator.csproj", "{D328C234-888F-453D-8A2A-06DDF5391871}"
EndProject
Global
	GlobalSection(SolutionConfigurationPlatforms) = preSolution
		Debug|Any CPU = Debug|Any CPU
		Release|Any CPU = Release|Any CPU
	EndGlobalSection
	GlobalSection(ProjectConfigurationPlatforms) = postSolution
		{D328C234-888F-453D-8A2A-06DDF5391871}.Debug|Any CPU.ActiveCfg = Debug|Any CPU
		{D328C234-888F-453D-8A2A-06DDF5391871}.Debug|Any CPU.Build.0 = Debug|Any CPU
		{D328C234-888F-453D-8A2A-06DDF5391871}.Release|Any CPU.ActiveCfg = Release|Any CPU
		{D328C234-888F-453D-8A2A-06DDF5391871}.Release|Any CPU.Build.0 = Release|Any CPU
	EndGlobalSection
	GlobalSection(SolutionProperties) = preSolution
		HideSolutionNode = FALSE
	EndGlobalSection
	GlobalSection(ExtensibilityGlobals) = postSolution
		SolutionGuid = {D453293C-52C1-4774-8D47-36849F0F45D2}
	EndGlobalSection
EndGlobal
